
Microsoft Visual Studio Solution File, Format Version 12.00
# Visual Studio 15
VisualStudioVersion = 15.0.26228.4
MinimumVisualStudioVersion = 10.0.40219.1
Project("{A07B5EB6-E848-4116-A8D0-A826331D98C6}") = "Microsoft.SupplyChain.Cloud.Gateway", "Microsoft.SupplyChain.Cloud.Gateway\Microsoft.SupplyChain.Cloud.Gateway.sfproj", "{5BC200ED-49D3-428E-8E82-2BDA2EE23881}"
EndProject
Project("{FAE04EC0-301F-11D3-BF4B-00C04F79EFBC}") = "Microsoft.SupplyChain.Cloud.Gateway.SubscriberService", "Microsoft.SupplyChain.Cloud.Gateway.SubscriberService\Microsoft.SupplyChain.Cloud.Gateway.SubscriberService.csproj", "{D4FBD424-B032-4BD0-B336-33963FEEDD30}"
EndProject
Project("{FAE04EC0-301F-11D3-BF4B-00C04F79EFBC}") = "Microsoft.SupplyChain.Framework", "Microsoft.SupplyChain.Framework\Microsoft.SupplyChain.Framework.csproj", "{05CD2CA8-9EF7-4232-A362-E430B33193C2}"
EndProject
Project("{FAE04EC0-301F-11D3-BF4B-00C04F79EFBC}") = "Microsoft.SupplyChain.Cloud.Gateway.SubscriberService.Tests", "Microsoft.SupplyChain.Cloud.Gateway.SubscriberService.Tests\Microsoft.SupplyChain.Cloud.Gateway.SubscriberService.Tests.csproj", "{76BD2A77-F0F8-4036-876E-91901DAC3400}"
EndProject
Project("{2150E333-8FDC-42A3-9474-1A3956D46DE8}") = "Smartcontracts", "Smartcontracts", "{039212C8-8FFB-448B-B474-44F65AF40E80}"
	ProjectSection(SolutionItems) = preProject
		Microsoft.SupplyChain.SmartContracts\DeviceMovementContract.sol = Microsoft.SupplyChain.SmartContracts\DeviceMovementContract.sol
	EndProjectSection
EndProject
Project("{A07B5EB6-E848-4116-A8D0-A826331D98C6}") = "Microsoft.SupplyChain.Cloud.Registration", "Microsoft.SupplyChain.Cloud.Registration\Microsoft.SupplyChain.Cloud.Registration.sfproj", "{684F016E-B1A7-45E1-8E82-2BD119C94AFE}"
EndProject
Project("{FAE04EC0-301F-11D3-BF4B-00C04F79EFBC}") = "Microsoft.SupplyChain.Cloud.Registration.DiscoveryService", "Microsoft.SupplyChain.Cloud.Registration.DiscoveryService\Microsoft.SupplyChain.Cloud.Registration.DiscoveryService.csproj", "{7719887B-C8A4-4FED-8EC4-1E38E0B25BC9}"
EndProject
Project("{2150E333-8FDC-42A3-9474-1A3956D46DE8}") = "Registration services", "Registration services", "{26C47516-16CF-4C4A-9EE9-9F6FB8B6728A}"
EndProject
Project("{2150E333-8FDC-42A3-9474-1A3956D46DE8}") = "Cloud gateway services", "Cloud gateway services", "{5A9FB0CF-22AE-4474-BC19-15830836260C}"
EndProject
Project("{2150E333-8FDC-42A3-9474-1A3956D46DE8}") = "Cross cutting", "Cross cutting", "{7AF3E891-9B98-4FC4-A22E-F6241409C9DF}"
EndProject
Project("{FAE04EC0-301F-11D3-BF4B-00C04F79EFBC}") = "Microsoft.SupplyChain.Cloud.Gateway.Contracts", "Microsoft.SupplyChain.Cloud.Gateway.Contracts\Microsoft.SupplyChain.Cloud.Gateway.Contracts.csproj", "{C6EBE3A3-50F6-4BCB-A71E-B21C99D74173}"
EndProject
Project("{2150E333-8FDC-42A3-9474-1A3956D46DE8}") = "Admin services", "Admin services", "{A3F47835-D37A-4924-8A52-B344D0B01C46}"
EndProject
Project("{A07B5EB6-E848-4116-A8D0-A826331D98C6}") = "Microsoft.SupplyChain.Cloud.Administration", "Microsoft.SupplyChain.Cloud.Administration\Microsoft.SupplyChain.Cloud.Administration.sfproj", "{AF88F7C6-E3DF-463A-B7DC-D8F2BF594814}"
EndProject
Project("{FAE04EC0-301F-11D3-BF4B-00C04F79EFBC}") = "Microsoft.SupplyChain.Cloud.Administration.DeviceStoreService", "Microsoft.SupplyChain.Cloud.Administration.DeviceStoreService\Microsoft.SupplyChain.Cloud.Administration.DeviceStoreService.csproj", "{AB162AF9-9C13-4F5C-B249-8A131AC1C586}"
EndProject
Project("{FAE04EC0-301F-11D3-BF4B-00C04F79EFBC}") = "Microsoft.SupplyChain.Cloud.Administration.Contracts", "Microsoft.SupplyChain.Cloud.Administration.Contracts\Microsoft.SupplyChain.Cloud.Administration.Contracts.csproj", "{3DCAC54B-FCC6-4AE8-8627-E25A860A7AD9}"
EndProject
Global
	GlobalSection(SolutionConfigurationPlatforms) = preSolution
		Debug|Any CPU = Debug|Any CPU
		Debug|x64 = Debug|x64
		Release|Any CPU = Release|Any CPU
		Release|x64 = Release|x64
	EndGlobalSection
	GlobalSection(ProjectConfigurationPlatforms) = postSolution
		{5BC200ED-49D3-428E-8E82-2BDA2EE23881}.Debug|Any CPU.ActiveCfg = Debug|x64
		{5BC200ED-49D3-428E-8E82-2BDA2EE23881}.Debug|x64.ActiveCfg = Debug|x64
		{5BC200ED-49D3-428E-8E82-2BDA2EE23881}.Debug|x64.Build.0 = Debug|x64
		{5BC200ED-49D3-428E-8E82-2BDA2EE23881}.Debug|x64.Deploy.0 = Debug|x64
		{5BC200ED-49D3-428E-8E82-2BDA2EE23881}.Release|Any CPU.ActiveCfg = Release|x64
		{5BC200ED-49D3-428E-8E82-2BDA2EE23881}.Release|x64.ActiveCfg = Release|x64
		{5BC200ED-49D3-428E-8E82-2BDA2EE23881}.Release|x64.Build.0 = Release|x64
		{5BC200ED-49D3-428E-8E82-2BDA2EE23881}.Release|x64.Deploy.0 = Release|x64
		{D4FBD424-B032-4BD0-B336-33963FEEDD30}.Debug|Any CPU.ActiveCfg = Debug|x64
		{D4FBD424-B032-4BD0-B336-33963FEEDD30}.Debug|x64.ActiveCfg = Debug|x64
		{D4FBD424-B032-4BD0-B336-33963FEEDD30}.Debug|x64.Build.0 = Debug|x64
		{D4FBD424-B032-4BD0-B336-33963FEEDD30}.Release|Any CPU.ActiveCfg = Release|x64
		{D4FBD424-B032-4BD0-B336-33963FEEDD30}.Release|x64.ActiveCfg = Release|x64
		{D4FBD424-B032-4BD0-B336-33963FEEDD30}.Release|x64.Build.0 = Release|x64
		{05CD2CA8-9EF7-4232-A362-E430B33193C2}.Debug|Any CPU.ActiveCfg = Debug|Any CPU
		{05CD2CA8-9EF7-4232-A362-E430B33193C2}.Debug|Any CPU.Build.0 = Debug|Any CPU
		{05CD2CA8-9EF7-4232-A362-E430B33193C2}.Debug|x64.ActiveCfg = Debug|Any CPU
		{05CD2CA8-9EF7-4232-A362-E430B33193C2}.Debug|x64.Build.0 = Debug|Any CPU
		{05CD2CA8-9EF7-4232-A362-E430B33193C2}.Release|Any CPU.ActiveCfg = Release|Any CPU
		{05CD2CA8-9EF7-4232-A362-E430B33193C2}.Release|Any CPU.Build.0 = Release|Any CPU
		{05CD2CA8-9EF7-4232-A362-E430B33193C2}.Release|x64.ActiveCfg = Release|Any CPU
		{05CD2CA8-9EF7-4232-A362-E430B33193C2}.Release|x64.Build.0 = Release|Any CPU
		{76BD2A77-F0F8-4036-876E-91901DAC3400}.Debug|Any CPU.ActiveCfg = Debug|Any CPU
		{76BD2A77-F0F8-4036-876E-91901DAC3400}.Debug|Any CPU.Build.0 = Debug|Any CPU
		{76BD2A77-F0F8-4036-876E-91901DAC3400}.Debug|x64.ActiveCfg = Debug|Any CPU
		{76BD2A77-F0F8-4036-876E-91901DAC3400}.Debug|x64.Build.0 = Debug|Any CPU
		{76BD2A77-F0F8-4036-876E-91901DAC3400}.Release|Any CPU.ActiveCfg = Release|Any CPU
		{76BD2A77-F0F8-4036-876E-91901DAC3400}.Release|Any CPU.Build.0 = Release|Any CPU
		{76BD2A77-F0F8-4036-876E-91901DAC3400}.Release|x64.ActiveCfg = Release|Any CPU
		{76BD2A77-F0F8-4036-876E-91901DAC3400}.Release|x64.Build.0 = Release|Any CPU
		{684F016E-B1A7-45E1-8E82-2BD119C94AFE}.Debug|Any CPU.ActiveCfg = Debug|x64
		{684F016E-B1A7-45E1-8E82-2BD119C94AFE}.Debug|x64.ActiveCfg = Debug|x64
		{684F016E-B1A7-45E1-8E82-2BD119C94AFE}.Debug|x64.Build.0 = Debug|x64
		{684F016E-B1A7-45E1-8E82-2BD119C94AFE}.Debug|x64.Deploy.0 = Debug|x64
		{684F016E-B1A7-45E1-8E82-2BD119C94AFE}.Release|Any CPU.ActiveCfg = Release|x64
		{684F016E-B1A7-45E1-8E82-2BD119C94AFE}.Release|x64.ActiveCfg = Release|x64
		{684F016E-B1A7-45E1-8E82-2BD119C94AFE}.Release|x64.Build.0 = Release|x64
		{684F016E-B1A7-45E1-8E82-2BD119C94AFE}.Release|x64.Deploy.0 = Release|x64
		{7719887B-C8A4-4FED-8EC4-1E38E0B25BC9}.Debug|Any CPU.ActiveCfg = Debug|x64
		{7719887B-C8A4-4FED-8EC4-1E38E0B25BC9}.Debug|x64.ActiveCfg = Debug|x64
		{7719887B-C8A4-4FED-8EC4-1E38E0B25BC9}.Debug|x64.Build.0 = Debug|x64
		{7719887B-C8A4-4FED-8EC4-1E38E0B25BC9}.Release|Any CPU.ActiveCfg = Release|x64
		{7719887B-C8A4-4FED-8EC4-1E38E0B25BC9}.Release|x64.ActiveCfg = Release|x64
		{7719887B-C8A4-4FED-8EC4-1E38E0B25BC9}.Release|x64.Build.0 = Release|x64
		{C6EBE3A3-50F6-4BCB-A71E-B21C99D74173}.Debug|Any CPU.ActiveCfg = Debug|Any CPU
		{C6EBE3A3-50F6-4BCB-A71E-B21C99D74173}.Debug|Any CPU.Build.0 = Debug|Any CPU
		{C6EBE3A3-50F6-4BCB-A71E-B21C99D74173}.Debug|x64.ActiveCfg = Debug|Any CPU
		{C6EBE3A3-50F6-4BCB-A71E-B21C99D74173}.Debug|x64.Build.0 = Debug|Any CPU
		{C6EBE3A3-50F6-4BCB-A71E-B21C99D74173}.Release|Any CPU.ActiveCfg = Release|Any CPU
		{C6EBE3A3-50F6-4BCB-A71E-B21C99D74173}.Release|Any CPU.Build.0 = Release|Any CPU
		{C6EBE3A3-50F6-4BCB-A71E-B21C99D74173}.Release|x64.ActiveCfg = Release|Any CPU
		{C6EBE3A3-50F6-4BCB-A71E-B21C99D74173}.Release|x64.Build.0 = Release|Any CPU
		{AF88F7C6-E3DF-463A-B7DC-D8F2BF594814}.Debug|Any CPU.ActiveCfg = Debug|x64
		{AF88F7C6-E3DF-463A-B7DC-D8F2BF594814}.Debug|x64.ActiveCfg = Debug|x64
		{AF88F7C6-E3DF-463A-B7DC-D8F2BF594814}.Debug|x64.Build.0 = Debug|x64
		{AF88F7C6-E3DF-463A-B7DC-D8F2BF594814}.Debug|x64.Deploy.0 = Debug|x64
		{AF88F7C6-E3DF-463A-B7DC-D8F2BF594814}.Release|Any CPU.ActiveCfg = Release|x64
		{AF88F7C6-E3DF-463A-B7DC-D8F2BF594814}.Release|x64.ActiveCfg = Release|x64
		{AF88F7C6-E3DF-463A-B7DC-D8F2BF594814}.Release|x64.Build.0 = Release|x64
		{AF88F7C6-E3DF-463A-B7DC-D8F2BF594814}.Release|x64.Deploy.0 = Release|x64
		{AB162AF9-9C13-4F5C-B249-8A131AC1C586}.Debug|Any CPU.ActiveCfg = Debug|x64
		{AB162AF9-9C13-4F5C-B249-8A131AC1C586}.Debug|x64.ActiveCfg = Debug|x64
		{AB162AF9-9C13-4F5C-B249-8A131AC1C586}.Debug|x64.Build.0 = Debug|x64
		{AB162AF9-9C13-4F5C-B249-8A131AC1C586}.Release|Any CPU.ActiveCfg = Release|x64
		{AB162AF9-9C13-4F5C-B249-8A131AC1C586}.Release|x64.ActiveCfg = Release|x64
		{AB162AF9-9C13-4F5C-B249-8A131AC1C586}.Release|x64.Build.0 = Release|x64
		{3DCAC54B-FCC6-4AE8-8627-E25A860A7AD9}.Debug|Any CPU.ActiveCfg = Debug|Any CPU
		{3DCAC54B-FCC6-4AE8-8627-E25A860A7AD9}.Debug|Any CPU.Build.0 = Debug|Any CPU
		{3DCAC54B-FCC6-4AE8-8627-E25A860A7AD9}.Debug|x64.ActiveCfg = Debug|Any CPU
		{3DCAC54B-FCC6-4AE8-8627-E25A860A7AD9}.Debug|x64.Build.0 = Debug|Any CPU
		{3DCAC54B-FCC6-4AE8-8627-E25A860A7AD9}.Release|Any CPU.ActiveCfg = Release|Any CPU
		{3DCAC54B-FCC6-4AE8-8627-E25A860A7AD9}.Release|Any CPU.Build.0 = Release|Any CPU
		{3DCAC54B-FCC6-4AE8-8627-E25A860A7AD9}.Release|x64.ActiveCfg = Release|Any CPU
		{3DCAC54B-FCC6-4AE8-8627-E25A860A7AD9}.Release|x64.Build.0 = Release|Any CPU
	EndGlobalSection
	GlobalSection(SolutionProperties) = preSolution
		HideSolutionNode = FALSE
	EndGlobalSection
	GlobalSection(NestedProjects) = preSolution
		{5BC200ED-49D3-428E-8E82-2BDA2EE23881} = {5A9FB0CF-22AE-4474-BC19-15830836260C}
		{D4FBD424-B032-4BD0-B336-33963FEEDD30} = {5A9FB0CF-22AE-4474-BC19-15830836260C}
		{05CD2CA8-9EF7-4232-A362-E430B33193C2} = {7AF3E891-9B98-4FC4-A22E-F6241409C9DF}
		{76BD2A77-F0F8-4036-876E-91901DAC3400} = {5A9FB0CF-22AE-4474-BC19-15830836260C}
		{684F016E-B1A7-45E1-8E82-2BD119C94AFE} = {26C47516-16CF-4C4A-9EE9-9F6FB8B6728A}
		{7719887B-C8A4-4FED-8EC4-1E38E0B25BC9} = {26C47516-16CF-4C4A-9EE9-9F6FB8B6728A}
		{C6EBE3A3-50F6-4BCB-A71E-B21C99D74173} = {5A9FB0CF-22AE-4474-BC19-15830836260C}
		{AF88F7C6-E3DF-463A-B7DC-D8F2BF594814} = {A3F47835-D37A-4924-8A52-B344D0B01C46}
		{AB162AF9-9C13-4F5C-B249-8A131AC1C586} = {A3F47835-D37A-4924-8A52-B344D0B01C46}
		{3DCAC54B-FCC6-4AE8-8627-E25A860A7AD9} = {A3F47835-D37A-4924-8A52-B344D0B01C46}
	EndGlobalSection
EndGlobal
